
Microsoft Visual Studio Solution File, Format Version 12.00
# Visual Studio Version 17
VisualStudioVersion = 17.3.32901.215
MinimumVisualStudioVersion = 10.0.40219.1
Project("{8BC9CEB8-8B4A-11D0-8D11-00A0C91BC942}") = "AsmLab_2", "AsmLab_2.vcxproj", "{586E866C-E8B6-4024-808D-D4886B5022D9}"
EndProject
Global
	GlobalSection(SolutionConfigurationPlatforms) = preSolution
		Debug|x64 = Debug|x64
		Debug|x86 = Debug|x86
		Release|x64 = Release|x64
		Release|x86 = Release|x86
	EndGlobalSection
	GlobalSection(ProjectConfigurationPlatforms) = postSolution
		{586E866C-E8B6-4024-808D-D4886B5022D9}.Debug|x64.ActiveCfg = Debug|x64
		{586E866C-E8B6-4024-808D-D4886B5022D9}.Debug|x64.Build.0 = Debug|x64
		{586E866C-E8B6-4024-808D-D4886B5022D9}.Debug|x86.ActiveCfg = Debug|Win32
		{586E866C-E8B6-4024-808D-D4886B5022D9}.Debug|x86.Build.0 = Debug|Win32
		{586E866C-E8B6-4024-808D-D4886B5022D9}.Release|x64.ActiveCfg = Release|x64
		{586E866C-E8B6-4024-808D-D4886B5022D9}.Release|x64.Build.0 = Release|x64
		{586E866C-E8B6-4024-808D-D4886B5022D9}.Release|x86.ActiveCfg = Release|Win32
		{586E866C-E8B6-4024-808D-D4886B5022D9}.Release|x86.Build.0 = Release|Win32
	EndGlobalSection
	GlobalSection(SolutionProperties) = preSolution
		HideSolutionNode = FALSE
	EndGlobalSection
	GlobalSection(ExtensibilityGlobals) = postSolution
		SolutionGuid = {58543F02-51ED-46A8-89D6-5DD75DEE7976}
	EndGlobalSection
EndGlobal
